// !$*UTF8*$!
{
	archiveVersion = 1;
	classes = {
	};
	objectVersion = 45;
	objects = {

/* Begin PBXBuildFile section */
		1D60589B0D05DD56006BFB54 /* main.m in Sources */ = {isa = PBXBuildFile; fileRef = 29B97316FDCFA39411CA2CEA /* main.m */; };
		1D60589F0D05DD5A006BFB54 /* Foundation.framework in Frameworks */ = {isa = PBXBuildFile; fileRef = 1D30AB110D05D00D00671497 /* Foundation.framework */; };
		1DF5F4E00D08C38300B7A737 /* UIKit.framework in Frameworks */ = {isa = PBXBuildFile; fileRef = 1DF5F4DF0D08C38300B7A737 /* UIKit.framework */; };
		288765A50DF7441C002DB57D /* CoreGraphics.framework in Frameworks */ = {isa = PBXBuildFile; fileRef = 288765A40DF7441C002DB57D /* CoreGraphics.framework */; };
		5321F1870F7AE57A00EC9E3A /* AppDelegate.m in Sources */ = {isa = PBXBuildFile; fileRef = 5321F1840F7AE57A00EC9E3A /* AppDelegate.m */; };
		5321F18F0F7AE5BA00EC9E3A /* MainWindow.xib in Resources */ = {isa = PBXBuildFile; fileRef = 5321F18D0F7AE5BA00EC9E3A /* MainWindow.xib */; };
		533D37F410B32D500057E53B /* MapViewController.xib in Resources */ = {isa = PBXBuildFile; fileRef = 533D37F210B32D500057E53B /* MapViewController.xib */; };
		536EE47A10B358610080A190 /* MapViewController.m in Sources */ = {isa = PBXBuildFile; fileRef = 536EE47910B358610080A190 /* MapViewController.m */; };
		5376EF070F7AE77A005C5273 /* MapKit.framework in Frameworks */ = {isa = PBXBuildFile; fileRef = 5376EF060F7AE77A005C5273 /* MapKit.framework */; };
		537DA6BA1108F80B0045D54C /* DetailViewController.m in Sources */ = {isa = PBXBuildFile; fileRef = 537DA6B91108F80B0045D54C /* DetailViewController.m */; };
		537DA6BE1108F8460045D54C /* DetailViewController.xib in Resources */ = {isa = PBXBuildFile; fileRef = 537DA6BC1108F8460045D54C /* DetailViewController.xib */; };
		C098272312C72CCA00306F3B /* logo.png in Resources */ = {isa = PBXBuildFile; fileRef = C098272212C72CCA00306F3B /* logo.png */; };
		C0F92A8312CC81BC005B976C /* building.png in Resources */ = {isa = PBXBuildFile; fileRef = C0F92A7D12CC81BC005B976C /* building.png */; };
		C0F92A8412CC81BC005B976C /* clock.png in Resources */ = {isa = PBXBuildFile; fileRef = C0F92A7E12CC81BC005B976C /* clock.png */; };
		C0F92A8512CC81BC005B976C /* default.jpg in Resources */ = {isa = PBXBuildFile; fileRef = C0F92A7F12CC81BC005B976C /* default.jpg */; };
		C0F92A8612CC81BC005B976C /* knightdale.jpg in Resources */ = {isa = PBXBuildFile; fileRef = C0F92A8012CC81BC005B976C /* knightdale.jpg */; };
		C0F92A8712CC81BC005B976C /* phone.png in Resources */ = {isa = PBXBuildFile; fileRef = C0F92A8112CC81BC005B976C /* phone.png */; };
		C0F92A8812CC81BC005B976C /* wakefield.jpg in Resources */ = {isa = PBXBuildFile; fileRef = C0F92A8212CC81BC005B976C /* wakefield.jpg */; };
		C60E41F912FDD997004ACC8F /* CoreData.framework in Frameworks */ = {isa = PBXBuildFile; fileRef = C60E41F812FDD997004ACC8F /* CoreData.framework */; };
		C60E420312FDD9B7004ACC8F /* Office.m in Sources */ = {isa = PBXBuildFile; fileRef = C60E420012FDD9B7004ACC8F /* Office.m */; };
		C60E420412FDD9B7004ACC8F /* Office.xcdatamodeld in Sources */ = {isa = PBXBuildFile; fileRef = C60E420112FDD9B7004ACC8F /* Office.xcdatamodeld */; };
		C60E42B212FEFDB4004ACC8F /* Physician.m in Sources */ = {isa = PBXBuildFile; fileRef = C60E42AF12FEFDB4004ACC8F /* Physician.m */; };
		C60E42B312FEFDB4004ACC8F /* Specialty.m in Sources */ = {isa = PBXBuildFile; fileRef = C60E42B112FEFDB4004ACC8F /* Specialty.m */; };
		C60E42B712FEFDDD004ACC8F /* tpnmd.sqlite in Resources */ = {isa = PBXBuildFile; fileRef = C60E42B612FEFDDD004ACC8F /* tpnmd.sqlite */; };
		C61B9E2F133C28F300FA3F1D /* TitleViewController.m in Sources */ = {isa = PBXBuildFile; fileRef = C61B9E2D133C28F300FA3F1D /* TitleViewController.m */; };
		C61B9E30133C28F300FA3F1D /* TitleViewController.xib in Resources */ = {isa = PBXBuildFile; fileRef = C61B9E2E133C28F300FA3F1D /* TitleViewController.xib */; };
		C6730E541346DA0B00681CA3 /* launch.png in Resources */ = {isa = PBXBuildFile; fileRef = C6730E531346DA0B00681CA3 /* launch.png */; };
		C693F88B12CBF4D90062919D /* WaitTime.m in Sources */ = {isa = PBXBuildFile; fileRef = C693F88A12CBF4D90062919D /* WaitTime.m */; };
		C6A9CEE112FF1BB1005C4F2B /* DocDetailViewController.m in Sources */ = {isa = PBXBuildFile; fileRef = C6A9CEDE12FF1BB1005C4F2B /* DocDetailViewController.m */; };
		C6A9CEE212FF1BB1005C4F2B /* DocTableViewController.m in Sources */ = {isa = PBXBuildFile; fileRef = C6A9CEE012FF1BB1005C4F2B /* DocTableViewController.m */; };
		C6A9CEEC12FF1BF3005C4F2B /* group.png in Resources */ = {isa = PBXBuildFile; fileRef = C6A9CEEA12FF1BF3005C4F2B /* group.png */; };
		C6A9CEED12FF1BF3005C4F2B /* house.png in Resources */ = {isa = PBXBuildFile; fileRef = C6A9CEEB12FF1BF3005C4F2B /* house.png */; };
		C6A9CF0512FF1C53005C4F2B /* DocDetailViewController.xib in Resources */ = {isa = PBXBuildFile; fileRef = C6A9CF0112FF1C53005C4F2B /* DocDetailViewController.xib */; };
		C6A9CF0612FF1C53005C4F2B /* DocTableViewController.xib in Resources */ = {isa = PBXBuildFile; fileRef = C6A9CF0312FF1C53005C4F2B /* DocTableViewController.xib */; };
		C6BE3AE312D91E1800FC643B /* TableViewController.m in Sources */ = {isa = PBXBuildFile; fileRef = C6BE3AE212D91E1800FC643B /* TableViewController.m */; };
		C6BE3AE612D91E2600FC643B /* TableViewController.xib in Resources */ = {isa = PBXBuildFile; fileRef = C6BE3AE412D91E2600FC643B /* TableViewController.xib */; };
		C6DD8A8912CBB92400F5A6CE /* WaitTimeImporter.m in Sources */ = {isa = PBXBuildFile; fileRef = C6DD8A8812CBB92400F5A6CE /* WaitTimeImporter.m */; };
		C6DD8A9912CBC53400F5A6CE /* libxml2.dylib in Frameworks */ = {isa = PBXBuildFile; fileRef = C6DD8A9812CBC53400F5A6CE /* libxml2.dylib */; };
		C6F9F381133B093D005BD493 /* tpnLogo.gif in Resources */ = {isa = PBXBuildFile; fileRef = C6F9F380133B093D005BD493 /* tpnLogo.gif */; };
		C6F9F388133B0D15005BD493 /* UIKit.framework in Frameworks */ = {isa = PBXBuildFile; fileRef = 1DF5F4DF0D08C38300B7A737 /* UIKit.framework */; };
		C6F9F389133B0D15005BD493 /* Foundation.framework in Frameworks */ = {isa = PBXBuildFile; fileRef = 1D30AB110D05D00D00671497 /* Foundation.framework */; };
		C6F9F38A133B0D15005BD493 /* CoreGraphics.framework in Frameworks */ = {isa = PBXBuildFile; fileRef = 288765A40DF7441C002DB57D /* CoreGraphics.framework */; };
		C6F9F3A6133B0D15005BD493 /* UIKit.framework in Frameworks */ = {isa = PBXBuildFile; fileRef = 1DF5F4DF0D08C38300B7A737 /* UIKit.framework */; };
		C6F9F3A7133B0D15005BD493 /* Foundation.framework in Frameworks */ = {isa = PBXBuildFile; fileRef = 1D30AB110D05D00D00671497 /* Foundation.framework */; };
		C6F9F3A8133B0D15005BD493 /* CoreGraphics.framework in Frameworks */ = {isa = PBXBuildFile; fileRef = 288765A40DF7441C002DB57D /* CoreGraphics.framework */; };
/* End PBXBuildFile section */

/* Begin PBXContainerItemProxy section */
		C6F9F3A9133B0D15005BD493 /* PBXContainerItemProxy */ = {
			isa = PBXContainerItemProxy;
			containerPortal = 29B97313FDCFA39411CA2CEA /* Project object */;
			proxyType = 1;
			remoteGlobalIDString = C6F9F385133B0D15005BD493;
			remoteInfo = test;
		};
/* End PBXContainerItemProxy section */

/* Begin PBXFileReference section */
		1D30AB110D05D00D00671497 /* Foundation.framework */ = {isa = PBXFileReference; lastKnownFileType = wrapper.framework; name = Foundation.framework; path = System/Library/Frameworks/Foundation.framework; sourceTree = SDKROOT; };
		1D6058910D05DD3D006BFB54 /* TPNMD.app */ = {isa = PBXFileReference; explicitFileType = wrapper.application; includeInIndex = 0; path = TPNMD.app; sourceTree = BUILT_PRODUCTS_DIR; };
		1DF5F4DF0D08C38300B7A737 /* UIKit.framework */ = {isa = PBXFileReference; lastKnownFileType = wrapper.framework; name = UIKit.framework; path = System/Library/Frameworks/UIKit.framework; sourceTree = SDKROOT; };
		288765A40DF7441C002DB57D /* CoreGraphics.framework */ = {isa = PBXFileReference; lastKnownFileType = wrapper.framework; name = CoreGraphics.framework; path = System/Library/Frameworks/CoreGraphics.framework; sourceTree = SDKROOT; };
		29B97316FDCFA39411CA2CEA /* main.m */ = {isa = PBXFileReference; fileEncoding = 4; lastKnownFileType = sourcecode.c.objc; path = main.m; sourceTree = "<group>"; };
		5321F1840F7AE57A00EC9E3A /* AppDelegate.m */ = {isa = PBXFileReference; fileEncoding = 4; lastKnownFileType = sourcecode.c.objc; path = AppDelegate.m; sourceTree = "<group>"; };
		5321F1850F7AE57A00EC9E3A /* AppDelegate.h */ = {isa = PBXFileReference; fileEncoding = 4; lastKnownFileType = sourcecode.c.h; path = AppDelegate.h; sourceTree = "<group>"; };
		5321F1880F7AE58700EC9E3A /* Prefix.pch */ = {isa = PBXFileReference; fileEncoding = 4; lastKnownFileType = sourcecode.c.h; path = Prefix.pch; sourceTree = "<group>"; };
		5321F18E0F7AE5BA00EC9E3A /* en */ = {isa = PBXFileReference; lastKnownFileType = file.xib; name = en; path = en.lproj/MainWindow.xib; sourceTree = "<group>"; };
		5321F1900F7AE5BE00EC9E3A /* Info.plist */ = {isa = PBXFileReference; fileEncoding = 4; lastKnownFileType = text.plist.xml; path = Info.plist; sourceTree = "<group>"; };
		533D37F310B32D500057E53B /* en */ = {isa = PBXFileReference; lastKnownFileType = file.xib; name = en; path = en.lproj/MapViewController.xib; sourceTree = "<group>"; };
		533D38CB10B352230057E53B /* CoreLocation.framework */ = {isa = PBXFileReference; lastKnownFileType = wrapper.framework; name = CoreLocation.framework; path = System/Library/Frameworks/CoreLocation.framework; sourceTree = SDKROOT; };
		536EE47810B358610080A190 /* MapViewController.h */ = {isa = PBXFileReference; fileEncoding = 4; lastKnownFileType = sourcecode.c.h; path = MapViewController.h; sourceTree = "<group>"; };
		536EE47910B358610080A190 /* MapViewController.m */ = {isa = PBXFileReference; fileEncoding = 4; lastKnownFileType = sourcecode.c.objc; path = MapViewController.m; sourceTree = "<group>"; };
		5376EF060F7AE77A005C5273 /* MapKit.framework */ = {isa = PBXFileReference; lastKnownFileType = wrapper.framework; name = MapKit.framework; path = System/Library/Frameworks/MapKit.framework; sourceTree = SDKROOT; };
		537DA6B81108F80B0045D54C /* DetailViewController.h */ = {isa = PBXFileReference; fileEncoding = 4; lastKnownFileType = sourcecode.c.h; path = DetailViewController.h; sourceTree = "<group>"; };
		537DA6B91108F80B0045D54C /* DetailViewController.m */ = {isa = PBXFileReference; fileEncoding = 4; lastKnownFileType = sourcecode.c.objc; path = DetailViewController.m; sourceTree = "<group>"; };
		537DA6BD1108F8460045D54C /* en */ = {isa = PBXFileReference; lastKnownFileType = file.xib; name = en; path = en.lproj/DetailViewController.xib; sourceTree = "<group>"; };
		C098272212C72CCA00306F3B /* logo.png */ = {isa = PBXFileReference; lastKnownFileType = image.png; path = logo.png; sourceTree = SOURCE_ROOT; };
		C0F92A7D12CC81BC005B976C /* building.png */ = {isa = PBXFileReference; lastKnownFileType = image.png; path = building.png; sourceTree = "<group>"; };
		C0F92A7E12CC81BC005B976C /* clock.png */ = {isa = PBXFileReference; lastKnownFileType = image.png; path = clock.png; sourceTree = "<group>"; };
		C0F92A7F12CC81BC005B976C /* default.jpg */ = {isa = PBXFileReference; lastKnownFileType = image.jpeg; path = default.jpg; sourceTree = "<group>"; };
		C0F92A8012CC81BC005B976C /* knightdale.jpg */ = {isa = PBXFileReference; lastKnownFileType = image.jpeg; path = knightdale.jpg; sourceTree = "<group>"; };
		C0F92A8112CC81BC005B976C /* phone.png */ = {isa = PBXFileReference; lastKnownFileType = image.png; path = phone.png; sourceTree = "<group>"; };
		C0F92A8212CC81BC005B976C /* wakefield.jpg */ = {isa = PBXFileReference; lastKnownFileType = image.jpeg; path = wakefield.jpg; sourceTree = "<group>"; };
		C605CE181344273E002F9AA2 /* DataViewController.h */ = {isa = PBXFileReference; fileEncoding = 4; lastKnownFileType = sourcecode.c.h; path = DataViewController.h; sourceTree = "<group>"; };
		C60E41F812FDD997004ACC8F /* CoreData.framework */ = {isa = PBXFileReference; lastKnownFileType = wrapper.framework; name = CoreData.framework; path = System/Library/Frameworks/CoreData.framework; sourceTree = SDKROOT; };
		C60E41FF12FDD9B7004ACC8F /* Office.h */ = {isa = PBXFileReference; fileEncoding = 4; lastKnownFileType = sourcecode.c.h; path = Office.h; sourceTree = "<group>"; };
		C60E420012FDD9B7004ACC8F /* Office.m */ = {isa = PBXFileReference; fileEncoding = 4; lastKnownFileType = sourcecode.c.objc; path = Office.m; sourceTree = "<group>"; };
		C60E420212FDD9B7004ACC8F /* Office.xcdatamodel */ = {isa = PBXFileReference; fileEncoding = 4; lastKnownFileType = wrapper.xcdatamodel; path = Office.xcdatamodel; sourceTree = "<group>"; };
		C60E42AE12FEFDB4004ACC8F /* Physician.h */ = {isa = PBXFileReference; fileEncoding = 4; lastKnownFileType = sourcecode.c.h; path = Physician.h; sourceTree = "<group>"; };
		C60E42AF12FEFDB4004ACC8F /* Physician.m */ = {isa = PBXFileReference; fileEncoding = 4; lastKnownFileType = sourcecode.c.objc; path = Physician.m; sourceTree = "<group>"; };
		C60E42B012FEFDB4004ACC8F /* Specialty.h */ = {isa = PBXFileReference; fileEncoding = 4; lastKnownFileType = sourcecode.c.h; path = Specialty.h; sourceTree = "<group>"; };
		C60E42B112FEFDB4004ACC8F /* Specialty.m */ = {isa = PBXFileReference; fileEncoding = 4; lastKnownFileType = sourcecode.c.objc; path = Specialty.m; sourceTree = "<group>"; };
		C60E42B612FEFDDD004ACC8F /* tpnmd.sqlite */ = {isa = PBXFileReference; lastKnownFileType = file; path = tpnmd.sqlite; sourceTree = "<group>"; };
		C61B9E2C133C28F300FA3F1D /* TitleViewController.h */ = {isa = PBXFileReference; fileEncoding = 4; lastKnownFileType = sourcecode.c.h; path = TitleViewController.h; sourceTree = "<group>"; };
		C61B9E2D133C28F300FA3F1D /* TitleViewController.m */ = {isa = PBXFileReference; fileEncoding = 4; lastKnownFileType = sourcecode.c.objc; path = TitleViewController.m; sourceTree = "<group>"; };
		C61B9E2E133C28F300FA3F1D /* TitleViewController.xib */ = {isa = PBXFileReference; fileEncoding = 4; lastKnownFileType = file.xib; path = TitleViewController.xib; sourceTree = "<group>"; };
		C6730E531346DA0B00681CA3 /* launch.png */ = {isa = PBXFileReference; lastKnownFileType = image.png; path = launch.png; sourceTree = "<group>"; };
		C693F88912CBF4D90062919D /* WaitTime.h */ = {isa = PBXFileReference; fileEncoding = 4; lastKnownFileType = sourcecode.c.h; path = WaitTime.h; sourceTree = "<group>"; };
		C693F88A12CBF4D90062919D /* WaitTime.m */ = {isa = PBXFileReference; fileEncoding = 4; lastKnownFileType = sourcecode.c.objc; path = WaitTime.m; sourceTree = "<group>"; };
		C6A9CEDD12FF1BB1005C4F2B /* DocDetailViewController.h */ = {isa = PBXFileReference; fileEncoding = 4; lastKnownFileType = sourcecode.c.h; path = DocDetailViewController.h; sourceTree = "<group>"; };
		C6A9CEDE12FF1BB1005C4F2B /* DocDetailViewController.m */ = {isa = PBXFileReference; fileEncoding = 4; lastKnownFileType = sourcecode.c.objc; path = DocDetailViewController.m; sourceTree = "<group>"; };
		C6A9CEDF12FF1BB1005C4F2B /* DocTableViewController.h */ = {isa = PBXFileReference; fileEncoding = 4; lastKnownFileType = sourcecode.c.h; path = DocTableViewController.h; sourceTree = "<group>"; };
		C6A9CEE012FF1BB1005C4F2B /* DocTableViewController.m */ = {isa = PBXFileReference; fileEncoding = 4; lastKnownFileType = sourcecode.c.objc; path = DocTableViewController.m; sourceTree = "<group>"; };
		C6A9CEEA12FF1BF3005C4F2B /* group.png */ = {isa = PBXFileReference; lastKnownFileType = image.png; path = group.png; sourceTree = "<group>"; };
		C6A9CEEB12FF1BF3005C4F2B /* house.png */ = {isa = PBXFileReference; lastKnownFileType = image.png; path = house.png; sourceTree = "<group>"; };
		C6A9CF0212FF1C53005C4F2B /* en */ = {isa = PBXFileReference; lastKnownFileType = file.xib; name = en; path = en.lproj/DocDetailViewController.xib; sourceTree = "<group>"; };
		C6A9CF0412FF1C53005C4F2B /* en */ = {isa = PBXFileReference; lastKnownFileType = file.xib; name = en; path = en.lproj/DocTableViewController.xib; sourceTree = "<group>"; };
		C6BE3AE112D91E1800FC643B /* TableViewController.h */ = {isa = PBXFileReference; fileEncoding = 4; lastKnownFileType = sourcecode.c.h; path = TableViewController.h; sourceTree = "<group>"; };
		C6BE3AE212D91E1800FC643B /* TableViewController.m */ = {isa = PBXFileReference; fileEncoding = 4; lastKnownFileType = sourcecode.c.objc; path = TableViewController.m; sourceTree = "<group>"; };
		C6BE3AE512D91E2600FC643B /* en */ = {isa = PBXFileReference; lastKnownFileType = file.xib; name = en; path = en.lproj/TableViewController.xib; sourceTree = "<group>"; };
		C6DD8A8712CBB92400F5A6CE /* WaitTimeImporter.h */ = {isa = PBXFileReference; fileEncoding = 4; lastKnownFileType = sourcecode.c.h; path = WaitTimeImporter.h; sourceTree = "<group>"; };
		C6DD8A8812CBB92400F5A6CE /* WaitTimeImporter.m */ = {isa = PBXFileReference; fileEncoding = 4; lastKnownFileType = sourcecode.c.objc; path = WaitTimeImporter.m; sourceTree = "<group>"; };
		C6DD8A9812CBC53400F5A6CE /* libxml2.dylib */ = {isa = PBXFileReference; lastKnownFileType = "compiled.mach-o.dylib"; name = libxml2.dylib; path = usr/lib/libxml2.dylib; sourceTree = SDKROOT; };
		C6F9F380133B093D005BD493 /* tpnLogo.gif */ = {isa = PBXFileReference; lastKnownFileType = image.gif; path = tpnLogo.gif; sourceTree = "<group>"; };
		C6F9F386133B0D15005BD493 /* test.app */ = {isa = PBXFileReference; explicitFileType = wrapper.application; includeInIndex = 0; path = test.app; sourceTree = BUILT_PRODUCTS_DIR; };
		C6F9F3A5133B0D15005BD493 /* testTests.octest */ = {isa = PBXFileReference; explicitFileType = wrapper.cfbundle; includeInIndex = 0; path = testTests.octest; sourceTree = BUILT_PRODUCTS_DIR; };
/* End PBXFileReference section */

/* Begin PBXFrameworksBuildPhase section */
		1D60588F0D05DD3D006BFB54 /* Frameworks */ = {
			isa = PBXFrameworksBuildPhase;
			buildActionMask = 2147483647;
			files = (
				1D60589F0D05DD5A006BFB54 /* Foundation.framework in Frameworks */,
				1DF5F4E00D08C38300B7A737 /* UIKit.framework in Frameworks */,
				288765A50DF7441C002DB57D /* CoreGraphics.framework in Frameworks */,
				5376EF070F7AE77A005C5273 /* MapKit.framework in Frameworks */,
				C6DD8A9912CBC53400F5A6CE /* libxml2.dylib in Frameworks */,
				C60E41F912FDD997004ACC8F /* CoreData.framework in Frameworks */,
			);
			runOnlyForDeploymentPostprocessing = 0;
		};
		C6F9F383133B0D15005BD493 /* Frameworks */ = {
			isa = PBXFrameworksBuildPhase;
			buildActionMask = 2147483647;
			files = (
				C6F9F388133B0D15005BD493 /* UIKit.framework in Frameworks */,
				C6F9F389133B0D15005BD493 /* Foundation.framework in Frameworks */,
				C6F9F38A133B0D15005BD493 /* CoreGraphics.framework in Frameworks */,
			);
			runOnlyForDeploymentPostprocessing = 0;
		};
		C6F9F3A1133B0D15005BD493 /* Frameworks */ = {
			isa = PBXFrameworksBuildPhase;
			buildActionMask = 2147483647;
			files = (
				C6F9F3A6133B0D15005BD493 /* UIKit.framework in Frameworks */,
				C6F9F3A7133B0D15005BD493 /* Foundation.framework in Frameworks */,
				C6F9F3A8133B0D15005BD493 /* CoreGraphics.framework in Frameworks */,
			);
			runOnlyForDeploymentPostprocessing = 0;
		};
/* End PBXFrameworksBuildPhase section */

/* Begin PBXGroup section */
		19C28FACFE9D520D11CA2CBB /* Products */ = {
			isa = PBXGroup;
			children = (
				1D6058910D05DD3D006BFB54 /* TPNMD.app */,
				C6F9F386133B0D15005BD493 /* test.app */,
				C6F9F3A5133B0D15005BD493 /* testTests.octest */,
			);
			name = Products;
			sourceTree = "<group>";
		};
		29B97314FDCFA39411CA2CEA /* CustomTemplate */ = {
			isa = PBXGroup;
			children = (
				29B97315FDCFA39411CA2CEA /* Sources */,
				29B97317FDCFA39411CA2CEA /* Resources */,
				29B97323FDCFA39411CA2CEA /* Frameworks */,
				19C28FACFE9D520D11CA2CBB /* Products */,
			);
			name = CustomTemplate;
			sourceTree = "<group>";
		};
		29B97315FDCFA39411CA2CEA /* Sources */ = {
			isa = PBXGroup;
			children = (
				C6A9CEE312FF1BBC005C4F2B /* View Controllers */,
				C60E42A912FEFC11004ACC8F /* Data Models */,
				5321F1880F7AE58700EC9E3A /* Prefix.pch */,
				29B97316FDCFA39411CA2CEA /* main.m */,
				5321F1850F7AE57A00EC9E3A /* AppDelegate.h */,
				5321F1840F7AE57A00EC9E3A /* AppDelegate.m */,
				C693F88912CBF4D90062919D /* WaitTime.h */,
				C693F88A12CBF4D90062919D /* WaitTime.m */,
				C6DD8A8712CBB92400F5A6CE /* WaitTimeImporter.h */,
				C6DD8A8812CBB92400F5A6CE /* WaitTimeImporter.m */,
			);
			name = Sources;
			sourceTree = "<group>";
		};
		29B97317FDCFA39411CA2CEA /* Resources */ = {
			isa = PBXGroup;
			children = (
				C0F92A7C12CC81BC005B976C /* images */,
				C6730E531346DA0B00681CA3 /* launch.png */,
				C098272212C72CCA00306F3B /* logo.png */,
				5321F1900F7AE5BE00EC9E3A /* Info.plist */,
				C60E42B612FEFDDD004ACC8F /* tpnmd.sqlite */,
				C60E420112FDD9B7004ACC8F /* Office.xcdatamodeld */,
				C6A9CF0112FF1C53005C4F2B /* DocDetailViewController.xib */,
				C6A9CF0312FF1C53005C4F2B /* DocTableViewController.xib */,
				5321F18D0F7AE5BA00EC9E3A /* MainWindow.xib */,
				533D37F210B32D500057E53B /* MapViewController.xib */,
				C6BE3AE412D91E2600FC643B /* TableViewController.xib */,
				537DA6BC1108F8460045D54C /* DetailViewController.xib */,
				C61B9E2E133C28F300FA3F1D /* TitleViewController.xib */,
			);
			name = Resources;
			sourceTree = "<group>";
		};
		29B97323FDCFA39411CA2CEA /* Frameworks */ = {
			isa = PBXGroup;
			children = (
				C6DD8A9812CBC53400F5A6CE /* libxml2.dylib */,
				533D38CB10B352230057E53B /* CoreLocation.framework */,
				5376EF060F7AE77A005C5273 /* MapKit.framework */,
				1DF5F4DF0D08C38300B7A737 /* UIKit.framework */,
				1D30AB110D05D00D00671497 /* Foundation.framework */,
				288765A40DF7441C002DB57D /* CoreGraphics.framework */,
				C60E41F812FDD997004ACC8F /* CoreData.framework */,
			);
			name = Frameworks;
			sourceTree = "<group>";
		};
		C0F92A7C12CC81BC005B976C /* images */ = {
			isa = PBXGroup;
			children = (
				C6F9F380133B093D005BD493 /* tpnLogo.gif */,
				C6A9CEEB12FF1BF3005C4F2B /* house.png */,
				C6A9CEEA12FF1BF3005C4F2B /* group.png */,
				C0F92A7D12CC81BC005B976C /* building.png */,
				C0F92A7E12CC81BC005B976C /* clock.png */,
				C0F92A7F12CC81BC005B976C /* default.jpg */,
				C0F92A8012CC81BC005B976C /* knightdale.jpg */,
				C0F92A8112CC81BC005B976C /* phone.png */,
				C0F92A8212CC81BC005B976C /* wakefield.jpg */,
			);
			path = images;
			sourceTree = "<group>";
		};
		C60E42A912FEFC11004ACC8F /* Data Models */ = {
			isa = PBXGroup;
			children = (
				C60E42AE12FEFDB4004ACC8F /* Physician.h */,
				C60E42AF12FEFDB4004ACC8F /* Physician.m */,
				C60E42B012FEFDB4004ACC8F /* Specialty.h */,
				C60E42B112FEFDB4004ACC8F /* Specialty.m */,
				C60E41FF12FDD9B7004ACC8F /* Office.h */,
				C60E420012FDD9B7004ACC8F /* Office.m */,
			);
			name = "Data Models";
			sourceTree = "<group>";
		};
		C6A9CEE312FF1BBC005C4F2B /* View Controllers */ = {
			isa = PBXGroup;
			children = (
				C6A9CEDD12FF1BB1005C4F2B /* DocDetailViewController.h */,
				C6A9CEDE12FF1BB1005C4F2B /* DocDetailViewController.m */,
				C6A9CEDF12FF1BB1005C4F2B /* DocTableViewController.h */,
				C6A9CEE012FF1BB1005C4F2B /* DocTableViewController.m */,
				537DA6B81108F80B0045D54C /* DetailViewController.h */,
				537DA6B91108F80B0045D54C /* DetailViewController.m */,
				536EE47810B358610080A190 /* MapViewController.h */,
				536EE47910B358610080A190 /* MapViewController.m */,
				C6BE3AE112D91E1800FC643B /* TableViewController.h */,
				C6BE3AE212D91E1800FC643B /* TableViewController.m */,
				C61B9E2C133C28F300FA3F1D /* TitleViewController.h */,
				C61B9E2D133C28F300FA3F1D /* TitleViewController.m */,
				C605CE181344273E002F9AA2 /* DataViewController.h */,
			);
			name = "View Controllers";
			sourceTree = "<group>";
		};
/* End PBXGroup section */

/* Begin PBXNativeTarget section */
		1D6058900D05DD3D006BFB54 /* TPNMD */ = {
			isa = PBXNativeTarget;
			buildConfigurationList = 1D6058960D05DD3E006BFB54 /* Build configuration list for PBXNativeTarget "TPNMD" */;
			buildPhases = (
				1D60588D0D05DD3D006BFB54 /* Resources */,
				1D60588E0D05DD3D006BFB54 /* Sources */,
				1D60588F0D05DD3D006BFB54 /* Frameworks */,
			);
			buildRules = (
			);
			dependencies = (
			);
			name = TPNMD;
			productName = CPView;
			productReference = 1D6058910D05DD3D006BFB54 /* TPNMD.app */;
			productType = "com.apple.product-type.application";
		};
		C6F9F385133B0D15005BD493 /* test */ = {
			isa = PBXNativeTarget;
			buildConfigurationList = C6F9F3B6133B0D16005BD493 /* Build configuration list for PBXNativeTarget "test" */;
			buildPhases = (
				C6F9F382133B0D15005BD493 /* Sources */,
				C6F9F383133B0D15005BD493 /* Frameworks */,
				C6F9F384133B0D15005BD493 /* Resources */,
			);
			buildRules = (
			);
			dependencies = (
			);
			name = test;
			productName = test;
			productReference = C6F9F386133B0D15005BD493 /* test.app */;
			productType = "com.apple.product-type.application";
		};
		C6F9F3A4133B0D15005BD493 /* testTests */ = {
			isa = PBXNativeTarget;
			buildConfigurationList = C6F9F3B9133B0D16005BD493 /* Build configuration list for PBXNativeTarget "testTests" */;
			buildPhases = (
				C6F9F3A0133B0D15005BD493 /* Sources */,
				C6F9F3A1133B0D15005BD493 /* Frameworks */,
				C6F9F3A2133B0D15005BD493 /* Resources */,
				C6F9F3A3133B0D15005BD493 /* ShellScript */,
			);
			buildRules = (
			);
			dependencies = (
				C6F9F3AA133B0D15005BD493 /* PBXTargetDependency */,
			);
			name = testTests;
			productName = testTests;
			productReference = C6F9F3A5133B0D15005BD493 /* testTests.octest */;
			productType = "com.apple.product-type.bundle";
		};
/* End PBXNativeTarget section */

/* Begin PBXProject section */
		29B97313FDCFA39411CA2CEA /* Project object */ = {
			isa = PBXProject;
			buildConfigurationList = C01FCF4E08A954540054247B /* Build configuration list for PBXProject "tpnmd" */;
			compatibilityVersion = "Xcode 3.1";
			developmentRegion = English;
			hasScannedForEncodings = 1;
			knownRegions = (
				English,
				Japanese,
				French,
				German,
				en,
			);
			mainGroup = 29B97314FDCFA39411CA2CEA /* CustomTemplate */;
			projectDirPath = "";
			projectRoot = "";
			targets = (
				1D6058900D05DD3D006BFB54 /* TPNMD */,
				C6F9F385133B0D15005BD493 /* test */,
				C6F9F3A4133B0D15005BD493 /* testTests */,
			);
		};
/* End PBXProject section */

/* Begin PBXResourcesBuildPhase section */
		1D60588D0D05DD3D006BFB54 /* Resources */ = {
			isa = PBXResourcesBuildPhase;
			buildActionMask = 2147483647;
			files = (
				5321F18F0F7AE5BA00EC9E3A /* MainWindow.xib in Resources */,
				533D37F410B32D500057E53B /* MapViewController.xib in Resources */,
				537DA6BE1108F8460045D54C /* DetailViewController.xib in Resources */,
				C098272312C72CCA00306F3B /* logo.png in Resources */,
				C0F92A8312CC81BC005B976C /* building.png in Resources */,
				C0F92A8412CC81BC005B976C /* clock.png in Resources */,
				C0F92A8512CC81BC005B976C /* default.jpg in Resources */,
				C0F92A8612CC81BC005B976C /* knightdale.jpg in Resources */,
				C0F92A8712CC81BC005B976C /* phone.png in Resources */,
				C0F92A8812CC81BC005B976C /* wakefield.jpg in Resources */,
				C6BE3AE612D91E2600FC643B /* TableViewController.xib in Resources */,
				C60E42B712FEFDDD004ACC8F /* tpnmd.sqlite in Resources */,
				C6A9CEEC12FF1BF3005C4F2B /* group.png in Resources */,
				C6A9CEED12FF1BF3005C4F2B /* house.png in Resources */,
				C6A9CF0512FF1C53005C4F2B /* DocDetailViewController.xib in Resources */,
				C6A9CF0612FF1C53005C4F2B /* DocTableViewController.xib in Resources */,
				C6F9F381133B093D005BD493 /* tpnLogo.gif in Resources */,
				C61B9E30133C28F300FA3F1D /* TitleViewController.xib in Resources */,
				C6730E541346DA0B00681CA3 /* launch.png in Resources */,
			);
			runOnlyForDeploymentPostprocessing = 0;
		};
		C6F9F384133B0D15005BD493 /* Resources */ = {
			isa = PBXResourcesBuildPhase;
			buildActionMask = 2147483647;
			files = (
			);
			runOnlyForDeploymentPostprocessing = 0;
		};
		C6F9F3A2133B0D15005BD493 /* Resources */ = {
			isa = PBXResourcesBuildPhase;
			buildActionMask = 2147483647;
			files = (
			);
			runOnlyForDeploymentPostprocessing = 0;
		};
/* End PBXResourcesBuildPhase section */

/* Begin PBXShellScriptBuildPhase section */
		C6F9F3A3133B0D15005BD493 /* ShellScript */ = {
			isa = PBXShellScriptBuildPhase;
			buildActionMask = 2147483647;
			files = (
			);
			inputPaths = (
			);
			outputPaths = (
			);
			runOnlyForDeploymentPostprocessing = 0;
			shellPath = /bin/sh;
			shellScript = "# Run the unit tests in this test bundle.\n\"${SYSTEM_DEVELOPER_DIR}/Tools/RunUnitTests\"\n";
		};
/* End PBXShellScriptBuildPhase section */

/* Begin PBXSourcesBuildPhase section */
		1D60588E0D05DD3D006BFB54 /* Sources */ = {
			isa = PBXSourcesBuildPhase;
			buildActionMask = 2147483647;
			files = (
				1D60589B0D05DD56006BFB54 /* main.m in Sources */,
				5321F1870F7AE57A00EC9E3A /* AppDelegate.m in Sources */,
				536EE47A10B358610080A190 /* MapViewController.m in Sources */,
				537DA6BA1108F80B0045D54C /* DetailViewController.m in Sources */,
				C6DD8A8912CBB92400F5A6CE /* WaitTimeImporter.m in Sources */,
				C693F88B12CBF4D90062919D /* WaitTime.m in Sources */,
				C6BE3AE312D91E1800FC643B /* TableViewController.m in Sources */,
				C60E420312FDD9B7004ACC8F /* Office.m in Sources */,
				C60E420412FDD9B7004ACC8F /* Office.xcdatamodeld in Sources */,
				C60E42B212FEFDB4004ACC8F /* Physician.m in Sources */,
				C60E42B312FEFDB4004ACC8F /* Specialty.m in Sources */,
				C6A9CEE112FF1BB1005C4F2B /* DocDetailViewController.m in Sources */,
				C6A9CEE212FF1BB1005C4F2B /* DocTableViewController.m in Sources */,
				C61B9E2F133C28F300FA3F1D /* TitleViewController.m in Sources */,
			);
			runOnlyForDeploymentPostprocessing = 0;
		};
		C6F9F382133B0D15005BD493 /* Sources */ = {
			isa = PBXSourcesBuildPhase;
			buildActionMask = 2147483647;
			files = (
			);
			runOnlyForDeploymentPostprocessing = 0;
		};
		C6F9F3A0133B0D15005BD493 /* Sources */ = {
			isa = PBXSourcesBuildPhase;
			buildActionMask = 2147483647;
			files = (
			);
			runOnlyForDeploymentPostprocessing = 0;
		};
/* End PBXSourcesBuildPhase section */

/* Begin PBXTargetDependency section */
		C6F9F3AA133B0D15005BD493 /* PBXTargetDependency */ = {
			isa = PBXTargetDependency;
			target = C6F9F385133B0D15005BD493 /* test */;
			targetProxy = C6F9F3A9133B0D15005BD493 /* PBXContainerItemProxy */;
		};
/* End PBXTargetDependency section */

/* Begin PBXVariantGroup section */
		5321F18D0F7AE5BA00EC9E3A /* MainWindow.xib */ = {
			isa = PBXVariantGroup;
			children = (
				5321F18E0F7AE5BA00EC9E3A /* en */,
			);
			name = MainWindow.xib;
			sourceTree = "<group>";
		};
		533D37F210B32D500057E53B /* MapViewController.xib */ = {
			isa = PBXVariantGroup;
			children = (
				533D37F310B32D500057E53B /* en */,
			);
			name = MapViewController.xib;
			sourceTree = "<group>";
		};
		537DA6BC1108F8460045D54C /* DetailViewController.xib */ = {
			isa = PBXVariantGroup;
			children = (
				537DA6BD1108F8460045D54C /* en */,
			);
			name = DetailViewController.xib;
			sourceTree = "<group>";
		};
		C6A9CF0112FF1C53005C4F2B /* DocDetailViewController.xib */ = {
			isa = PBXVariantGroup;
			children = (
				C6A9CF0212FF1C53005C4F2B /* en */,
			);
			name = DocDetailViewController.xib;
			sourceTree = "<group>";
		};
		C6A9CF0312FF1C53005C4F2B /* DocTableViewController.xib */ = {
			isa = PBXVariantGroup;
			children = (
				C6A9CF0412FF1C53005C4F2B /* en */,
			);
			name = DocTableViewController.xib;
			sourceTree = "<group>";
		};
		C6BE3AE412D91E2600FC643B /* TableViewController.xib */ = {
			isa = PBXVariantGroup;
			children = (
				C6BE3AE512D91E2600FC643B /* en */,
			);
			name = TableViewController.xib;
			sourceTree = "<group>";
		};
/* End PBXVariantGroup section */

/* Begin XCBuildConfiguration section */
		1D6058940D05DD3E006BFB54 /* Debug */ = {
			isa = XCBuildConfiguration;
			buildSettings = {
				ALWAYS_SEARCH_USER_PATHS = NO;
				"CODE_SIGN_IDENTITY[sdk=iphoneos*]" = "iPhone Developer";
				CODE_SIGN_RESOURCE_RULES_PATH = "";
				COPY_PHASE_STRIP = NO;
				GCC_DYNAMIC_NO_PIC = NO;
				GCC_OPTIMIZATION_LEVEL = 0;
				GCC_PRECOMPILE_PREFIX_HEADER = YES;
				GCC_PREFIX_HEADER = Prefix.pch;
				INFOPLIST_FILE = Info.plist;
				PRODUCT_NAME = TPNMD;
				"PROVISIONING_PROFILE[sdk=iphoneos*]" = "";
			};
			name = Debug;
		};
		1D6058950D05DD3E006BFB54 /* Release */ = {
			isa = XCBuildConfiguration;
			buildSettings = {
				ALWAYS_SEARCH_USER_PATHS = NO;
				"CODE_SIGN_IDENTITY[sdk=iphoneos*]" = "iPhone Developer";
				CODE_SIGN_RESOURCE_RULES_PATH = "";
				COPY_PHASE_STRIP = YES;
				GCC_PRECOMPILE_PREFIX_HEADER = YES;
				GCC_PREFIX_HEADER = Prefix.pch;
				INFOPLIST_FILE = Info.plist;
				PRODUCT_NAME = TPNMD;
				"PROVISIONING_PROFILE[sdk=iphoneos*]" = "";
			};
			name = Release;
		};
		C01FCF4F08A954540054247B /* Debug */ = {
			isa = XCBuildConfiguration;
			buildSettings = {
				ARCHS = "$(ARCHS_STANDARD_32_BIT)";
				"CODE_SIGN_IDENTITY[sdk=iphoneos*]" = "Don't Code Sign";
				COPY_PHASE_STRIP = NO;
				DEBUG_INFORMATION_FORMAT = "dwarf-with-dsym";
				GCC_C_LANGUAGE_STANDARD = c99;
				GCC_WARN_ABOUT_RETURN_TYPE = YES;
				GCC_WARN_PEDANTIC = YES;
				GCC_WARN_UNUSED_VARIABLE = YES;
				HEADER_SEARCH_PATHS = /usr/include/libxml2;
				ONLY_ACTIVE_ARCH = YES;
				PREBINDING = NO;
				PRODUCT_NAME = "TPM Md";
				SDKROOT = iphoneos;
			};
			name = Debug;
		};
		C01FCF5008A954540054247B /* Release */ = {
			isa = XCBuildConfiguration;
			buildSettings = {
				ARCHS = "$(ARCHS_STANDARD_32_BIT)";
				"CODE_SIGN_IDENTITY[sdk=iphoneos*]" = "iPhone Developer";
				GCC_C_LANGUAGE_STANDARD = c99;
				GCC_WARN_ABOUT_RETURN_TYPE = YES;
				GCC_WARN_PEDANTIC = YES;
				GCC_WARN_UNUSED_VARIABLE = YES;
				HEADER_SEARCH_PATHS = /usr/include/libxml2;
				PREBINDING = NO;
				PRODUCT_NAME = "TPM Md";
				SDKROOT = iphoneos;
			};
			name = Release;
		};
		C6F9F3B7133B0D16005BD493 /* Debug */ = {
			isa = XCBuildConfiguration;
			buildSettings = {
				ALWAYS_SEARCH_USER_PATHS = NO;
				"CODE_SIGN_IDENTITY[sdk=iphoneos*]" = "iPhone Developer";
				COPY_PHASE_STRIP = NO;
				GCC_C_LANGUAGE_STANDARD = gnu99;
				GCC_DYNAMIC_NO_PIC = NO;
				GCC_OPTIMIZATION_LEVEL = 0;
				GCC_PRECOMPILE_PREFIX_HEADER = YES;
				GCC_PREFIX_HEADER = "test/test-Prefix.pch";
				GCC_PREPROCESSOR_DEFINITIONS = DEBUG;
				GCC_SYMBOLS_PRIVATE_EXTERN = NO;
				GCC_VERSION = com.apple.compilers.llvmgcc42;
				INFOPLIST_FILE = "test/test-Info.plist";
				IPHONEOS_DEPLOYMENT_TARGET = 4.3;
				PRODUCT_NAME = "$(TARGET_NAME)";
				WRAPPER_EXTENSION = app;
			};
			name = Debug;
		};
		C6F9F3B8133B0D16005BD493 /* Release */ = {
			isa = XCBuildConfiguration;
			buildSettings = {
				ALWAYS_SEARCH_USER_PATHS = NO;
				"CODE_SIGN_IDENTITY[sdk=iphoneos*]" = "iPhone Developer";
				COPY_PHASE_STRIP = YES;
				GCC_C_LANGUAGE_STANDARD = gnu99;
				GCC_PRECOMPILE_PREFIX_HEADER = YES;
				GCC_PREFIX_HEADER = "test/test-Prefix.pch";
				GCC_VERSION = com.apple.compilers.llvmgcc42;
				INFOPLIST_FILE = "test/test-Info.plist";
				IPHONEOS_DEPLOYMENT_TARGET = 4.3;
				OTHER_CFLAGS = "-DNS_BLOCK_ASSERTIONS=1";
				PRODUCT_NAME = "$(TARGET_NAME)";
				VALIDATE_PRODUCT = YES;
				WRAPPER_EXTENSION = app;
			};
			name = Release;
		};
		C6F9F3BA133B0D16005BD493 /* Debug */ = {
			isa = XCBuildConfiguration;
			buildSettings = {
				ALWAYS_SEARCH_USER_PATHS = NO;
				BUNDLE_LOADER = "$(BUILT_PRODUCTS_DIR)/test.app/test";
				FRAMEWORK_SEARCH_PATHS = (
					"$(SDKROOT)/Developer/Library/Frameworks",
					"$(DEVELOPER_LIBRARY_DIR)/Frameworks",
				);
				GCC_C_LANGUAGE_STANDARD = gnu99;
				GCC_OPTIMIZATION_LEVEL = 0;
				GCC_PRECOMPILE_PREFIX_HEADER = YES;
				GCC_PREFIX_HEADER = "testTests/testTests-Prefix.pch";
				GCC_PREPROCESSOR_DEFINITIONS = DEBUG;
				GCC_SYMBOLS_PRIVATE_EXTERN = NO;
				GCC_VERSION = com.apple.compilers.llvmgcc42;
				INFOPLIST_FILE = "testTests/testTests-Info.plist";
				IPHONEOS_DEPLOYMENT_TARGET = 4.3;
				OTHER_LDFLAGS = (
					"-framework",
					SenTestingKit,
				);
				PRODUCT_NAME = "$(TARGET_NAME)";
				TEST_HOST = "$(BUNDLE_LOADER)";
				WRAPPER_EXTENSION = octest;
			};
			name = Debug;
		};
		C6F9F3BB133B0D16005BD493 /* Release */ = {
			isa = XCBuildConfiguration;
			buildSettings = {
				ALWAYS_SEARCH_USER_PATHS = NO;
				BUNDLE_LOADER = "$(BUILT_PRODUCTS_DIR)/test.app/test";
				FRAMEWORK_SEARCH_PATHS = (
					"$(SDKROOT)/Developer/Library/Frameworks",
					"$(DEVELOPER_LIBRARY_DIR)/Frameworks",
				);
				GCC_C_LANGUAGE_STANDARD = gnu99;
				GCC_PRECOMPILE_PREFIX_HEADER = YES;
				GCC_PREFIX_HEADER = "testTests/testTests-Prefix.pch";
				GCC_VERSION = com.apple.compilers.llvmgcc42;
				INFOPLIST_FILE = "testTests/testTests-Info.plist";
				IPHONEOS_DEPLOYMENT_TARGET = 4.3;
				OTHER_LDFLAGS = (
					"-framework",
					SenTestingKit,
				);
				PRODUCT_NAME = "$(TARGET_NAME)";
				TEST_HOST = "$(BUNDLE_LOADER)";
				WRAPPER_EXTENSION = octest;
			};
			name = Release;
		};
/* End XCBuildConfiguration section */

/* Begin XCConfigurationList section */
		1D6058960D05DD3E006BFB54 /* Build configuration list for PBXNativeTarget "TPNMD" */ = {
			isa = XCConfigurationList;
			buildConfigurations = (
				1D6058940D05DD3E006BFB54 /* Debug */,
				1D6058950D05DD3E006BFB54 /* Release */,
			);
			defaultConfigurationIsVisible = 0;
			defaultConfigurationName = Release;
		};
		C01FCF4E08A954540054247B /* Build configuration list for PBXProject "tpnmd" */ = {
			isa = XCConfigurationList;
			buildConfigurations = (
				C01FCF4F08A954540054247B /* Debug */,
				C01FCF5008A954540054247B /* Release */,
			);
			defaultConfigurationIsVisible = 0;
			defaultConfigurationName = Release;
		};
		C6F9F3B6133B0D16005BD493 /* Build configuration list for PBXNativeTarget "test" */ = {
			isa = XCConfigurationList;
			buildConfigurations = (
				C6F9F3B7133B0D16005BD493 /* Debug */,
				C6F9F3B8133B0D16005BD493 /* Release */,
			);
			defaultConfigurationIsVisible = 0;
			defaultConfigurationName = Release;
		};
		C6F9F3B9133B0D16005BD493 /* Build configuration list for PBXNativeTarget "testTests" */ = {
			isa = XCConfigurationList;
			buildConfigurations = (
				C6F9F3BA133B0D16005BD493 /* Debug */,
				C6F9F3BB133B0D16005BD493 /* Release */,
			);
			defaultConfigurationIsVisible = 0;
			defaultConfigurationName = Release;
		};
/* End XCConfigurationList section */

/* Begin XCVersionGroup section */
		C60E420112FDD9B7004ACC8F /* Office.xcdatamodeld */ = {
			isa = XCVersionGroup;
			children = (
				C60E420212FDD9B7004ACC8F /* Office.xcdatamodel */,
			);
			currentVersion = C60E420212FDD9B7004ACC8F /* Office.xcdatamodel */;
			path = Office.xcdatamodeld;
			sourceTree = "<group>";
			versionGroupType = wrapper.xcdatamodel;
		};
/* End XCVersionGroup section */
	};
	rootObject = 29B97313FDCFA39411CA2CEA /* Project object */;
}
